
Microsoft Visual Studio Solution File, Format Version 12.00
# Visual Studio Version 17
VisualStudioVersion = 17.10.34928.147
MinimumVisualStudioVersion = 10.0.40219.1
Project("{FAE04EC0-301F-11D3-BF4B-00C04F79EFBC}") = "EventFindingApplication", "EventFindingApplication\EventFindingApplication.csproj", "{31EFF5F8-63B2-4EF4-9537-C7B0C39DCB76}"
EndProject
Global
	GlobalSection(SolutionConfigurationPlatforms) = preSolution
		Debug|Any CPU = Debug|Any CPU
		Release|Any CPU = Release|Any CPU
	EndGlobalSection
	GlobalSection(ProjectConfigurationPlatforms) = postSolution
		{31EFF5F8-63B2-4EF4-9537-C7B0C39DCB76}.Debug|Any CPU.ActiveCfg = Debug|Any CPU
		{31EFF5F8-63B2-4EF4-9537-C7B0C39DCB76}.Debug|Any CPU.Build.0 = Debug|Any CPU
		{31EFF5F8-63B2-4EF4-9537-C7B0C39DCB76}.Release|Any CPU.ActiveCfg = Release|Any CPU
		{31EFF5F8-63B2-4EF4-9537-C7B0C39DCB76}.Release|Any CPU.Build.0 = Release|Any CPU
	EndGlobalSection
	GlobalSection(SolutionProperties) = preSolution
		HideSolutionNode = FALSE
	EndGlobalSection
	GlobalSection(ExtensibilityGlobals) = postSolution
		SolutionGuid = {46A51D8E-89B8-4BA6-8A65-3EDED02AAE20}
	EndGlobalSection
EndGlobal
